{
  "version": 4,
  "terraform_version": "1.10.4",
  "serial": 30,
  "lineage": "dc6259fb-a243-c4ec-cf41-b9c6775111f5",
  "outputs": {
    "autoscaler_name": {
      "value": "leah-pines-autoscaler",
      "type": "string"
    },
    "health_check_name": {
      "value": "leah-pines-health-check",
      "type": "string"
    },
    "instance_group_manager_name": {
      "value": "leah-pines-mig",
      "type": "string"
    },
    "instance_template_id": {
      "value": "projects/terraform-leah-pines/global/instanceTemplates/leah-pines-template20250114135848587400000001",
      "type": "string"
    }
  },
  "resources": [
    {
      "mode": "managed",
      "type": "google_compute_instance_template",
      "name": "instance_template",
      "provider": "provider[\"registry.terraform.io/hashicorp/google\"]",
      "instances": [
        {
          "schema_version": 1,
          "attributes": {
            "advanced_machine_features": [],
            "can_ip_forward": false,
            "confidential_instance_config": [],
            "creation_timestamp": "2025-01-14T05:58:49.251-08:00",
            "description": "",
            "disk": [
              {
                "auto_delete": true,
                "boot": true,
                "device_name": "persistent-disk-0",
                "disk_encryption_key": [],
                "disk_name": "",
                "disk_size_gb": 0,
                "disk_type": "pd-standard",
                "interface": "SCSI",
                "labels": {},
                "mode": "READ_WRITE",
                "provisioned_iops": 0,
                "provisioned_throughput": 0,
                "resource_manager_tags": {},
                "resource_policies": [],
                "source": "",
                "source_image": "projects/debian-cloud/global/images/family/debian-11",
                "source_image_encryption_key": [],
                "source_snapshot": "",
                "source_snapshot_encryption_key": [],
                "type": "PERSISTENT"
              }
            ],
            "effective_labels": {
              "goog-terraform-provisioned": "true"
            },
            "guest_accelerator": [],
            "id": "projects/terraform-leah-pines/global/instanceTemplates/leah-pines-template20250114135848587400000001",
            "instance_description": "",
            "key_revocation_action_type": "",
            "labels": {},
            "machine_type": "e2-micro",
            "metadata": {},
            "metadata_fingerprint": "n65hh53CcOc=",
            "metadata_startup_script": "#!/bin/bash\n# Update package lists\nsudo apt-get update -y\n# Retry update if necessary\nif [ $? -ne 0 ]; then\n  sudo apt-get update --fix-missing -y\nfi\n# Install Nginx\nsudo apt-get install -y nginx\n# Create the required directory for the web content\nsudo mkdir -p /var/www/html\n# Write \"Hello World\" to the index.html file\necho \"Hello World\" | sudo tee /var/www/html/index.html\n# Restart Nginx to apply changes\nsudo systemctl restart nginx\n",
            "min_cpu_platform": "",
            "name": "leah-pines-template20250114135848587400000001",
            "name_prefix": "leah-pines-template",
            "network_interface": [
              {
                "access_config": [
                  {
                    "nat_ip": "",
                    "network_tier": "PREMIUM",
                    "public_ptr_domain_name": ""
                  }
                ],
                "alias_ip_range": [],
                "internal_ipv6_prefix_length": 0,
                "ipv6_access_config": [],
                "ipv6_access_type": "",
                "ipv6_address": "",
                "name": "nic0",
                "network": "https://www.googleapis.com/compute/v1/projects/terraform-leah-pines/global/networks/default",
                "network_ip": "",
                "nic_type": "",
                "queue_count": 0,
                "stack_type": "",
                "subnetwork": "",
                "subnetwork_project": ""
              }
            ],
            "network_performance_config": [],
            "project": "terraform-leah-pines",
            "region": "me-west1",
            "reservation_affinity": [],
            "resource_manager_tags": null,
            "resource_policies": null,
            "scheduling": [
              {
                "automatic_restart": true,
                "availability_domain": 0,
                "instance_termination_action": "",
                "local_ssd_recovery_timeout": [],
                "max_run_duration": [],
                "min_node_cpus": 0,
                "node_affinities": [],
                "on_host_maintenance": "MIGRATE",
                "on_instance_stop_action": [],
                "preemptible": false,
                "provisioning_model": "STANDARD"
              }
            ],
            "self_link": "https://www.googleapis.com/compute/v1/projects/terraform-leah-pines/global/instanceTemplates/leah-pines-template20250114135848587400000001",
            "self_link_unique": "https://www.googleapis.com/compute/v1/projects/terraform-leah-pines/global/instanceTemplates/leah-pines-template20250114135848587400000001?uniqueId=6660278004593972087",
            "service_account": [],
            "shielded_instance_config": [],
            "tags": [
              "web-server"
            ],
            "tags_fingerprint": "",
            "terraform_labels": {
              "goog-terraform-provisioned": "true"
            },
            "timeouts": null
          },
          "sensitive_attributes": [],
          "private": "eyJlMmJmYjczMC1lY2FhLTExZTYtOGY4OC0zNDM2M2JjN2M0YzAiOnsiY3JlYXRlIjoyNDAwMDAwMDAwMDAsImRlbGV0ZSI6MjQwMDAwMDAwMDAwfSwic2NoZW1hX3ZlcnNpb24iOiIxIn0="
        }
      ]
    },
    {
      "mode": "managed",
      "type": "google_compute_region_health_check",
      "name": "health_check",
      "provider": "provider[\"registry.terraform.io/hashicorp/google\"]",
      "instances": [
        {
          "schema_version": 0,
          "attributes": {
            "check_interval_sec": 5,
            "creation_timestamp": "2025-01-14T05:58:48.328-08:00",
            "description": "",
            "grpc_health_check": [],
            "health_check_id": -1188310153,
            "healthy_threshold": 2,
            "http2_health_check": [],
            "http_health_check": [
              {
                "host": "",
                "port": 80,
                "port_name": "",
                "port_specification": "",
                "proxy_header": "NONE",
                "request_path": "/",
                "response": ""
              }
            ],
            "https_health_check": [],
            "id": "projects/terraform-leah-pines/regions/me-west1/healthChecks/leah-pines-health-check",
            "log_config": [
              {
                "enable": false
              }
            ],
            "name": "leah-pines-health-check",
            "project": "terraform-leah-pines",
            "region": "me-west1",
            "self_link": "https://www.googleapis.com/compute/v1/projects/terraform-leah-pines/regions/me-west1/healthChecks/leah-pines-health-check",
            "ssl_health_check": [],
            "tcp_health_check": [],
            "timeout_sec": 5,
            "timeouts": null,
            "type": "HTTP",
            "unhealthy_threshold": 2
          },
          "sensitive_attributes": [],
          "private": "eyJlMmJmYjczMC1lY2FhLTExZTYtOGY4OC0zNDM2M2JjN2M0YzAiOnsiY3JlYXRlIjoxMjAwMDAwMDAwMDAwLCJkZWxldGUiOjEyMDAwMDAwMDAwMDAsInVwZGF0ZSI6MTIwMDAwMDAwMDAwMH19"
        }
      ]
    }
  ],
  "check_results": null
}
